
Microsoft Visual Studio Solution File, Format Version 12.00
# Visual Studio Version 17
VisualStudioVersion = 17.8.34004.107
MinimumVisualStudioVersion = 10.0.40219.1
Project("{9A19103F-16F7-4668-BE54-9A1E7A4F7556}") = "ColorMC.Android", "ColorMC.Android\ColorMC.Android.csproj", "{044FD105-E455-4D1A-AC5B-9AB94E3F29B4}"
EndProject
Project("{9A19103F-16F7-4668-BE54-9A1E7A4F7556}") = "ColorMC.Android.GLRender", "ColorMC.Android.Render\ColorMC.Android.GLRender.csproj", "{8E8AF212-958B-40DA-8A29-84EBB6EFBF40}"
EndProject
Project("{2150E333-8FDC-42A3-9474-1A3956D46DE8}") = "解决方案项", "解决方案项", "{CD48B1C6-4318-4E67-A311-FB96CA0E7504}"
	ProjectSection(SolutionItems) = preProject
		..\ColorMC\src\Directory.Build.props = ..\ColorMC\src\Directory.Build.props
	EndProjectSection
EndProject
Project("{9A19103F-16F7-4668-BE54-9A1E7A4F7556}") = "ColorMC.Gui", "..\ColorMC\src\ColorMC.Gui\ColorMC.Gui.csproj", "{AA820B22-AFEE-48FC-9DBF-58342CA682BE}"
EndProject
Project("{9A19103F-16F7-4668-BE54-9A1E7A4F7556}") = "ColorMC.Core", "..\ColorMC\src\ColorMC.Core\ColorMC.Core.csproj", "{9FDD3720-1221-413E-8F82-1B7736E4F36B}"
EndProject
Project("{9A19103F-16F7-4668-BE54-9A1E7A4F7556}") = "Live2DCSharpSDK.Framework", "..\ColorMC\Live2DCSharpSDK\Live2DCSharpSDK.Framework\Live2DCSharpSDK.Framework.csproj", "{8FBBCC33-D79C-4EF8-A74C-9FACDBC1F078}"
EndProject
Project("{9A19103F-16F7-4668-BE54-9A1E7A4F7556}") = "Live2DCSharpSDK.App", "..\ColorMC\Live2DCSharpSDK\Live2DCSharpSDK.App\Live2DCSharpSDK.App.csproj", "{ACE32E35-FE54-4CF9-B4AC-98064228BA8D}"
EndProject
Project("{9A19103F-16F7-4668-BE54-9A1E7A4F7556}") = "X11", "..\ColorMC\X11.Net\X11\X11.csproj", "{79358444-B2E1-4169-94DF-4A565637A04F}"
EndProject
Global
	GlobalSection(SolutionConfigurationPlatforms) = preSolution
		Debug|Any CPU = Debug|Any CPU
		Debug|ARM = Debug|ARM
		Debug|ARM64 = Debug|ARM64
		Debug|x64 = Debug|x64
		Debug|x86 = Debug|x86
		Release|Any CPU = Release|Any CPU
		Release|ARM = Release|ARM
		Release|ARM64 = Release|ARM64
		Release|x64 = Release|x64
		Release|x86 = Release|x86
	EndGlobalSection
	GlobalSection(ProjectConfigurationPlatforms) = postSolution
		{044FD105-E455-4D1A-AC5B-9AB94E3F29B4}.Debug|Any CPU.ActiveCfg = Debug|Any CPU
		{044FD105-E455-4D1A-AC5B-9AB94E3F29B4}.Debug|Any CPU.Build.0 = Debug|Any CPU
		{044FD105-E455-4D1A-AC5B-9AB94E3F29B4}.Debug|Any CPU.Deploy.0 = Debug|Any CPU
		{044FD105-E455-4D1A-AC5B-9AB94E3F29B4}.Debug|ARM.ActiveCfg = Debug|Any CPU
		{044FD105-E455-4D1A-AC5B-9AB94E3F29B4}.Debug|ARM.Build.0 = Debug|Any CPU
		{044FD105-E455-4D1A-AC5B-9AB94E3F29B4}.Debug|ARM.Deploy.0 = Debug|Any CPU
		{044FD105-E455-4D1A-AC5B-9AB94E3F29B4}.Debug|ARM64.ActiveCfg = Debug|ARM64
		{044FD105-E455-4D1A-AC5B-9AB94E3F29B4}.Debug|ARM64.Build.0 = Debug|ARM64
		{044FD105-E455-4D1A-AC5B-9AB94E3F29B4}.Debug|ARM64.Deploy.0 = Debug|ARM64
		{044FD105-E455-4D1A-AC5B-9AB94E3F29B4}.Debug|x64.ActiveCfg = Debug|Any CPU
		{044FD105-E455-4D1A-AC5B-9AB94E3F29B4}.Debug|x64.Build.0 = Debug|Any CPU
		{044FD105-E455-4D1A-AC5B-9AB94E3F29B4}.Debug|x64.Deploy.0 = Debug|Any CPU
		{044FD105-E455-4D1A-AC5B-9AB94E3F29B4}.Debug|x86.ActiveCfg = Debug|Any CPU
		{044FD105-E455-4D1A-AC5B-9AB94E3F29B4}.Debug|x86.Build.0 = Debug|Any CPU
		{044FD105-E455-4D1A-AC5B-9AB94E3F29B4}.Debug|x86.Deploy.0 = Debug|Any CPU
		{044FD105-E455-4D1A-AC5B-9AB94E3F29B4}.Release|Any CPU.ActiveCfg = Release|Any CPU
		{044FD105-E455-4D1A-AC5B-9AB94E3F29B4}.Release|Any CPU.Build.0 = Release|Any CPU
		{044FD105-E455-4D1A-AC5B-9AB94E3F29B4}.Release|Any CPU.Deploy.0 = Release|Any CPU
		{044FD105-E455-4D1A-AC5B-9AB94E3F29B4}.Release|ARM.ActiveCfg = Release|Any CPU
		{044FD105-E455-4D1A-AC5B-9AB94E3F29B4}.Release|ARM.Build.0 = Release|Any CPU
		{044FD105-E455-4D1A-AC5B-9AB94E3F29B4}.Release|ARM.Deploy.0 = Release|Any CPU
		{044FD105-E455-4D1A-AC5B-9AB94E3F29B4}.Release|ARM64.ActiveCfg = Release|ARM64
		{044FD105-E455-4D1A-AC5B-9AB94E3F29B4}.Release|ARM64.Build.0 = Release|ARM64
		{044FD105-E455-4D1A-AC5B-9AB94E3F29B4}.Release|ARM64.Deploy.0 = Release|ARM64
		{044FD105-E455-4D1A-AC5B-9AB94E3F29B4}.Release|x64.ActiveCfg = Release|Any CPU
		{044FD105-E455-4D1A-AC5B-9AB94E3F29B4}.Release|x64.Build.0 = Release|Any CPU
		{044FD105-E455-4D1A-AC5B-9AB94E3F29B4}.Release|x64.Deploy.0 = Release|Any CPU
		{044FD105-E455-4D1A-AC5B-9AB94E3F29B4}.Release|x86.ActiveCfg = Release|Any CPU
		{044FD105-E455-4D1A-AC5B-9AB94E3F29B4}.Release|x86.Build.0 = Release|Any CPU
		{044FD105-E455-4D1A-AC5B-9AB94E3F29B4}.Release|x86.Deploy.0 = Release|Any CPU
		{8E8AF212-958B-40DA-8A29-84EBB6EFBF40}.Debug|Any CPU.ActiveCfg = Debug|Any CPU
		{8E8AF212-958B-40DA-8A29-84EBB6EFBF40}.Debug|Any CPU.Build.0 = Debug|Any CPU
		{8E8AF212-958B-40DA-8A29-84EBB6EFBF40}.Debug|ARM.ActiveCfg = Debug|Any CPU
		{8E8AF212-958B-40DA-8A29-84EBB6EFBF40}.Debug|ARM.Build.0 = Debug|Any CPU
		{8E8AF212-958B-40DA-8A29-84EBB6EFBF40}.Debug|ARM64.ActiveCfg = Debug|Any CPU
		{8E8AF212-958B-40DA-8A29-84EBB6EFBF40}.Debug|ARM64.Build.0 = Debug|Any CPU
		{8E8AF212-958B-40DA-8A29-84EBB6EFBF40}.Debug|x64.ActiveCfg = Debug|Any CPU
		{8E8AF212-958B-40DA-8A29-84EBB6EFBF40}.Debug|x64.Build.0 = Debug|Any CPU
		{8E8AF212-958B-40DA-8A29-84EBB6EFBF40}.Debug|x86.ActiveCfg = Debug|Any CPU
		{8E8AF212-958B-40DA-8A29-84EBB6EFBF40}.Debug|x86.Build.0 = Debug|Any CPU
		{8E8AF212-958B-40DA-8A29-84EBB6EFBF40}.Release|Any CPU.ActiveCfg = Release|Any CPU
		{8E8AF212-958B-40DA-8A29-84EBB6EFBF40}.Release|Any CPU.Build.0 = Release|Any CPU
		{8E8AF212-958B-40DA-8A29-84EBB6EFBF40}.Release|ARM.ActiveCfg = Release|Any CPU
		{8E8AF212-958B-40DA-8A29-84EBB6EFBF40}.Release|ARM.Build.0 = Release|Any CPU
		{8E8AF212-958B-40DA-8A29-84EBB6EFBF40}.Release|ARM64.ActiveCfg = Release|Any CPU
		{8E8AF212-958B-40DA-8A29-84EBB6EFBF40}.Release|ARM64.Build.0 = Release|Any CPU
		{8E8AF212-958B-40DA-8A29-84EBB6EFBF40}.Release|x64.ActiveCfg = Release|Any CPU
		{8E8AF212-958B-40DA-8A29-84EBB6EFBF40}.Release|x64.Build.0 = Release|Any CPU
		{8E8AF212-958B-40DA-8A29-84EBB6EFBF40}.Release|x86.ActiveCfg = Release|Any CPU
		{8E8AF212-958B-40DA-8A29-84EBB6EFBF40}.Release|x86.Build.0 = Release|Any CPU
		{AA820B22-AFEE-48FC-9DBF-58342CA682BE}.Debug|Any CPU.ActiveCfg = Debug|Any CPU
		{AA820B22-AFEE-48FC-9DBF-58342CA682BE}.Debug|Any CPU.Build.0 = Debug|Any CPU
		{AA820B22-AFEE-48FC-9DBF-58342CA682BE}.Debug|ARM.ActiveCfg = Debug|Any CPU
		{AA820B22-AFEE-48FC-9DBF-58342CA682BE}.Debug|ARM.Build.0 = Debug|Any CPU
		{AA820B22-AFEE-48FC-9DBF-58342CA682BE}.Debug|ARM64.ActiveCfg = Debug|Any CPU
		{AA820B22-AFEE-48FC-9DBF-58342CA682BE}.Debug|ARM64.Build.0 = Debug|Any CPU
		{AA820B22-AFEE-48FC-9DBF-58342CA682BE}.Debug|x64.ActiveCfg = Debug|Any CPU
		{AA820B22-AFEE-48FC-9DBF-58342CA682BE}.Debug|x64.Build.0 = Debug|Any CPU
		{AA820B22-AFEE-48FC-9DBF-58342CA682BE}.Debug|x86.ActiveCfg = Debug|Any CPU
		{AA820B22-AFEE-48FC-9DBF-58342CA682BE}.Debug|x86.Build.0 = Debug|Any CPU
		{AA820B22-AFEE-48FC-9DBF-58342CA682BE}.Release|Any CPU.ActiveCfg = Release|Any CPU
		{AA820B22-AFEE-48FC-9DBF-58342CA682BE}.Release|Any CPU.Build.0 = Release|Any CPU
		{AA820B22-AFEE-48FC-9DBF-58342CA682BE}.Release|ARM.ActiveCfg = Release|Any CPU
		{AA820B22-AFEE-48FC-9DBF-58342CA682BE}.Release|ARM.Build.0 = Release|Any CPU
		{AA820B22-AFEE-48FC-9DBF-58342CA682BE}.Release|ARM64.ActiveCfg = Release|Any CPU
		{AA820B22-AFEE-48FC-9DBF-58342CA682BE}.Release|ARM64.Build.0 = Release|Any CPU
		{AA820B22-AFEE-48FC-9DBF-58342CA682BE}.Release|x64.ActiveCfg = Release|Any CPU
		{AA820B22-AFEE-48FC-9DBF-58342CA682BE}.Release|x64.Build.0 = Release|Any CPU
		{AA820B22-AFEE-48FC-9DBF-58342CA682BE}.Release|x86.ActiveCfg = Release|Any CPU
		{AA820B22-AFEE-48FC-9DBF-58342CA682BE}.Release|x86.Build.0 = Release|Any CPU
		{9FDD3720-1221-413E-8F82-1B7736E4F36B}.Debug|Any CPU.ActiveCfg = Debug|Any CPU
		{9FDD3720-1221-413E-8F82-1B7736E4F36B}.Debug|Any CPU.Build.0 = Debug|Any CPU
		{9FDD3720-1221-413E-8F82-1B7736E4F36B}.Debug|ARM.ActiveCfg = Debug|Any CPU
		{9FDD3720-1221-413E-8F82-1B7736E4F36B}.Debug|ARM.Build.0 = Debug|Any CPU
		{9FDD3720-1221-413E-8F82-1B7736E4F36B}.Debug|ARM64.ActiveCfg = Debug|Any CPU
		{9FDD3720-1221-413E-8F82-1B7736E4F36B}.Debug|ARM64.Build.0 = Debug|Any CPU
		{9FDD3720-1221-413E-8F82-1B7736E4F36B}.Debug|x64.ActiveCfg = Debug|Any CPU
		{9FDD3720-1221-413E-8F82-1B7736E4F36B}.Debug|x64.Build.0 = Debug|Any CPU
		{9FDD3720-1221-413E-8F82-1B7736E4F36B}.Debug|x86.ActiveCfg = Debug|Any CPU
		{9FDD3720-1221-413E-8F82-1B7736E4F36B}.Debug|x86.Build.0 = Debug|Any CPU
		{9FDD3720-1221-413E-8F82-1B7736E4F36B}.Release|Any CPU.ActiveCfg = Release|Any CPU
		{9FDD3720-1221-413E-8F82-1B7736E4F36B}.Release|Any CPU.Build.0 = Release|Any CPU
		{9FDD3720-1221-413E-8F82-1B7736E4F36B}.Release|ARM.ActiveCfg = Release|Any CPU
		{9FDD3720-1221-413E-8F82-1B7736E4F36B}.Release|ARM.Build.0 = Release|Any CPU
		{9FDD3720-1221-413E-8F82-1B7736E4F36B}.Release|ARM64.ActiveCfg = Release|Any CPU
		{9FDD3720-1221-413E-8F82-1B7736E4F36B}.Release|ARM64.Build.0 = Release|Any CPU
		{9FDD3720-1221-413E-8F82-1B7736E4F36B}.Release|x64.ActiveCfg = Release|Any CPU
		{9FDD3720-1221-413E-8F82-1B7736E4F36B}.Release|x64.Build.0 = Release|Any CPU
		{9FDD3720-1221-413E-8F82-1B7736E4F36B}.Release|x86.ActiveCfg = Release|Any CPU
		{9FDD3720-1221-413E-8F82-1B7736E4F36B}.Release|x86.Build.0 = Release|Any CPU
		{8FBBCC33-D79C-4EF8-A74C-9FACDBC1F078}.Debug|Any CPU.ActiveCfg = Debug|Any CPU
		{8FBBCC33-D79C-4EF8-A74C-9FACDBC1F078}.Debug|Any CPU.Build.0 = Debug|Any CPU
		{8FBBCC33-D79C-4EF8-A74C-9FACDBC1F078}.Debug|ARM.ActiveCfg = Debug|Any CPU
		{8FBBCC33-D79C-4EF8-A74C-9FACDBC1F078}.Debug|ARM.Build.0 = Debug|Any CPU
		{8FBBCC33-D79C-4EF8-A74C-9FACDBC1F078}.Debug|ARM64.ActiveCfg = Debug|Any CPU
		{8FBBCC33-D79C-4EF8-A74C-9FACDBC1F078}.Debug|ARM64.Build.0 = Debug|Any CPU
		{8FBBCC33-D79C-4EF8-A74C-9FACDBC1F078}.Debug|x64.ActiveCfg = Debug|Any CPU
		{8FBBCC33-D79C-4EF8-A74C-9FACDBC1F078}.Debug|x64.Build.0 = Debug|Any CPU
		{8FBBCC33-D79C-4EF8-A74C-9FACDBC1F078}.Debug|x86.ActiveCfg = Debug|Any CPU
		{8FBBCC33-D79C-4EF8-A74C-9FACDBC1F078}.Debug|x86.Build.0 = Debug|Any CPU
		{8FBBCC33-D79C-4EF8-A74C-9FACDBC1F078}.Release|Any CPU.ActiveCfg = Release|Any CPU
		{8FBBCC33-D79C-4EF8-A74C-9FACDBC1F078}.Release|Any CPU.Build.0 = Release|Any CPU
		{8FBBCC33-D79C-4EF8-A74C-9FACDBC1F078}.Release|ARM.ActiveCfg = Release|Any CPU
		{8FBBCC33-D79C-4EF8-A74C-9FACDBC1F078}.Release|ARM.Build.0 = Release|Any CPU
		{8FBBCC33-D79C-4EF8-A74C-9FACDBC1F078}.Release|ARM64.ActiveCfg = Release|Any CPU
		{8FBBCC33-D79C-4EF8-A74C-9FACDBC1F078}.Release|ARM64.Build.0 = Release|Any CPU
		{8FBBCC33-D79C-4EF8-A74C-9FACDBC1F078}.Release|x64.ActiveCfg = Release|Any CPU
		{8FBBCC33-D79C-4EF8-A74C-9FACDBC1F078}.Release|x64.Build.0 = Release|Any CPU
		{8FBBCC33-D79C-4EF8-A74C-9FACDBC1F078}.Release|x86.ActiveCfg = Release|Any CPU
		{8FBBCC33-D79C-4EF8-A74C-9FACDBC1F078}.Release|x86.Build.0 = Release|Any CPU
		{ACE32E35-FE54-4CF9-B4AC-98064228BA8D}.Debug|Any CPU.ActiveCfg = Debug|Any CPU
		{ACE32E35-FE54-4CF9-B4AC-98064228BA8D}.Debug|Any CPU.Build.0 = Debug|Any CPU
		{ACE32E35-FE54-4CF9-B4AC-98064228BA8D}.Debug|ARM.ActiveCfg = Debug|Any CPU
		{ACE32E35-FE54-4CF9-B4AC-98064228BA8D}.Debug|ARM.Build.0 = Debug|Any CPU
		{ACE32E35-FE54-4CF9-B4AC-98064228BA8D}.Debug|ARM64.ActiveCfg = Debug|Any CPU
		{ACE32E35-FE54-4CF9-B4AC-98064228BA8D}.Debug|ARM64.Build.0 = Debug|Any CPU
		{ACE32E35-FE54-4CF9-B4AC-98064228BA8D}.Debug|x64.ActiveCfg = Debug|Any CPU
		{ACE32E35-FE54-4CF9-B4AC-98064228BA8D}.Debug|x64.Build.0 = Debug|Any CPU
		{ACE32E35-FE54-4CF9-B4AC-98064228BA8D}.Debug|x86.ActiveCfg = Debug|Any CPU
		{ACE32E35-FE54-4CF9-B4AC-98064228BA8D}.Debug|x86.Build.0 = Debug|Any CPU
		{ACE32E35-FE54-4CF9-B4AC-98064228BA8D}.Release|Any CPU.ActiveCfg = Release|Any CPU
		{ACE32E35-FE54-4CF9-B4AC-98064228BA8D}.Release|Any CPU.Build.0 = Release|Any CPU
		{ACE32E35-FE54-4CF9-B4AC-98064228BA8D}.Release|ARM.ActiveCfg = Release|Any CPU
		{ACE32E35-FE54-4CF9-B4AC-98064228BA8D}.Release|ARM.Build.0 = Release|Any CPU
		{ACE32E35-FE54-4CF9-B4AC-98064228BA8D}.Release|ARM64.ActiveCfg = Release|Any CPU
		{ACE32E35-FE54-4CF9-B4AC-98064228BA8D}.Release|ARM64.Build.0 = Release|Any CPU
		{ACE32E35-FE54-4CF9-B4AC-98064228BA8D}.Release|x64.ActiveCfg = Release|Any CPU
		{ACE32E35-FE54-4CF9-B4AC-98064228BA8D}.Release|x64.Build.0 = Release|Any CPU
		{ACE32E35-FE54-4CF9-B4AC-98064228BA8D}.Release|x86.ActiveCfg = Release|Any CPU
		{ACE32E35-FE54-4CF9-B4AC-98064228BA8D}.Release|x86.Build.0 = Release|Any CPU
		{79358444-B2E1-4169-94DF-4A565637A04F}.Debug|Any CPU.ActiveCfg = Debug|Any CPU
		{79358444-B2E1-4169-94DF-4A565637A04F}.Debug|Any CPU.Build.0 = Debug|Any CPU
		{79358444-B2E1-4169-94DF-4A565637A04F}.Debug|ARM.ActiveCfg = Debug|Any CPU
		{79358444-B2E1-4169-94DF-4A565637A04F}.Debug|ARM.Build.0 = Debug|Any CPU
		{79358444-B2E1-4169-94DF-4A565637A04F}.Debug|ARM64.ActiveCfg = Debug|Any CPU
		{79358444-B2E1-4169-94DF-4A565637A04F}.Debug|ARM64.Build.0 = Debug|Any CPU
		{79358444-B2E1-4169-94DF-4A565637A04F}.Debug|x64.ActiveCfg = Debug|Any CPU
		{79358444-B2E1-4169-94DF-4A565637A04F}.Debug|x64.Build.0 = Debug|Any CPU
		{79358444-B2E1-4169-94DF-4A565637A04F}.Debug|x86.ActiveCfg = Debug|Any CPU
		{79358444-B2E1-4169-94DF-4A565637A04F}.Debug|x86.Build.0 = Debug|Any CPU
		{79358444-B2E1-4169-94DF-4A565637A04F}.Release|Any CPU.ActiveCfg = Release|Any CPU
		{79358444-B2E1-4169-94DF-4A565637A04F}.Release|Any CPU.Build.0 = Release|Any CPU
		{79358444-B2E1-4169-94DF-4A565637A04F}.Release|ARM.ActiveCfg = Release|Any CPU
		{79358444-B2E1-4169-94DF-4A565637A04F}.Release|ARM.Build.0 = Release|Any CPU
		{79358444-B2E1-4169-94DF-4A565637A04F}.Release|ARM64.ActiveCfg = Release|Any CPU
		{79358444-B2E1-4169-94DF-4A565637A04F}.Release|ARM64.Build.0 = Release|Any CPU
		{79358444-B2E1-4169-94DF-4A565637A04F}.Release|x64.ActiveCfg = Release|Any CPU
		{79358444-B2E1-4169-94DF-4A565637A04F}.Release|x64.Build.0 = Release|Any CPU
		{79358444-B2E1-4169-94DF-4A565637A04F}.Release|x86.ActiveCfg = Release|Any CPU
		{79358444-B2E1-4169-94DF-4A565637A04F}.Release|x86.Build.0 = Release|Any CPU
	EndGlobalSection
	GlobalSection(SolutionProperties) = preSolution
		HideSolutionNode = FALSE
	EndGlobalSection
	GlobalSection(ExtensibilityGlobals) = postSolution
		SolutionGuid = {030AC42D-532F-4C13-9919-1670697147AA}
	EndGlobalSection
EndGlobal
